
Microsoft Visual Studio Solution File, Format Version 12.00
# Visual Studio Version 17
VisualStudioVersion = 17.5.33414.496
MinimumVisualStudioVersion = 10.0.40219.1
Project("{FAE04EC0-301F-11D3-BF4B-00C04F79EFBC}") = "DesafioCondicionalesV1", "DesafioCondicionalesV1\DesafioCondicionalesV1.csproj", "{55298406-F516-417D-B87A-7BCA3B42E7FC}"
EndProject
Global
	GlobalSection(SolutionConfigurationPlatforms) = preSolution
		Debug|Any CPU = Debug|Any CPU
		Release|Any CPU = Release|Any CPU
	EndGlobalSection
	GlobalSection(ProjectConfigurationPlatforms) = postSolution
		{55298406-F516-417D-B87A-7BCA3B42E7FC}.Debug|Any CPU.ActiveCfg = Debug|Any CPU
		{55298406-F516-417D-B87A-7BCA3B42E7FC}.Debug|Any CPU.Build.0 = Debug|Any CPU
		{55298406-F516-417D-B87A-7BCA3B42E7FC}.Release|Any CPU.ActiveCfg = Release|Any CPU
		{55298406-F516-417D-B87A-7BCA3B42E7FC}.Release|Any CPU.Build.0 = Release|Any CPU
	EndGlobalSection
	GlobalSection(SolutionProperties) = preSolution
		HideSolutionNode = FALSE
	EndGlobalSection
	GlobalSection(ExtensibilityGlobals) = postSolution
		SolutionGuid = {26DC3C10-20A2-4A0B-9396-55C4434279A0}
	EndGlobalSection
EndGlobal
