
Microsoft Visual Studio Solution File, Format Version 12.00
# Visual Studio Version 17
VisualStudioVersion = 17.5.33414.496
MinimumVisualStudioVersion = 10.0.40219.1
Project("{FAE04EC0-301F-11D3-BF4B-00C04F79EFBC}") = "ParingStringAInteger", "ParingStringAInteger\ParingStringAInteger.csproj", "{9C396D23-BA81-4377-A10A-47E24ACAA3A6}"
EndProject
Global
	GlobalSection(SolutionConfigurationPlatforms) = preSolution
		Debug|Any CPU = Debug|Any CPU
		Release|Any CPU = Release|Any CPU
	EndGlobalSection
	GlobalSection(ProjectConfigurationPlatforms) = postSolution
		{9C396D23-BA81-4377-A10A-47E24ACAA3A6}.Debug|Any CPU.ActiveCfg = Debug|Any CPU
		{9C396D23-BA81-4377-A10A-47E24ACAA3A6}.Debug|Any CPU.Build.0 = Debug|Any CPU
		{9C396D23-BA81-4377-A10A-47E24ACAA3A6}.Release|Any CPU.ActiveCfg = Release|Any CPU
		{9C396D23-BA81-4377-A10A-47E24ACAA3A6}.Release|Any CPU.Build.0 = Release|Any CPU
	EndGlobalSection
	GlobalSection(SolutionProperties) = preSolution
		HideSolutionNode = FALSE
	EndGlobalSection
	GlobalSection(ExtensibilityGlobals) = postSolution
		SolutionGuid = {4232ACD0-E3FF-4EDF-AEF6-9C261FE27CEF}
	EndGlobalSection
EndGlobal
