
Microsoft Visual Studio Solution File, Format Version 12.00
# Visual Studio Version 17
VisualStudioVersion = 17.5.33414.496
MinimumVisualStudioVersion = 10.0.40219.1
Project("{FAE04EC0-301F-11D3-BF4B-00C04F79EFBC}") = "DesafioMetodoV1", "DesafioMetodoV1\DesafioMetodoV1.csproj", "{DCC0166C-620E-41C5-8F1B-26B1AF3165E1}"
EndProject
Global
	GlobalSection(SolutionConfigurationPlatforms) = preSolution
		Debug|Any CPU = Debug|Any CPU
		Release|Any CPU = Release|Any CPU
	EndGlobalSection
	GlobalSection(ProjectConfigurationPlatforms) = postSolution
		{DCC0166C-620E-41C5-8F1B-26B1AF3165E1}.Debug|Any CPU.ActiveCfg = Debug|Any CPU
		{DCC0166C-620E-41C5-8F1B-26B1AF3165E1}.Debug|Any CPU.Build.0 = Debug|Any CPU
		{DCC0166C-620E-41C5-8F1B-26B1AF3165E1}.Release|Any CPU.ActiveCfg = Release|Any CPU
		{DCC0166C-620E-41C5-8F1B-26B1AF3165E1}.Release|Any CPU.Build.0 = Release|Any CPU
	EndGlobalSection
	GlobalSection(SolutionProperties) = preSolution
		HideSolutionNode = FALSE
	EndGlobalSection
	GlobalSection(ExtensibilityGlobals) = postSolution
		SolutionGuid = {EA6C4067-2FE5-4430-B14F-89E74E155C1B}
	EndGlobalSection
EndGlobal
