
Microsoft Visual Studio Solution File, Format Version 12.00
# Visual Studio Version 17
VisualStudioVersion = 17.5.33414.496
MinimumVisualStudioVersion = 10.0.40219.1
Project("{FAE04EC0-301F-11D3-BF4B-00C04F79EFBC}") = "DesafioSumaIngresoUsuario", "DesafioSumaIngresoUsuario\DesafioSumaIngresoUsuario.csproj", "{A5932EF4-3C35-4A2A-A97F-AC9C621B9219}"
EndProject
Global
	GlobalSection(SolutionConfigurationPlatforms) = preSolution
		Debug|Any CPU = Debug|Any CPU
		Release|Any CPU = Release|Any CPU
	EndGlobalSection
	GlobalSection(ProjectConfigurationPlatforms) = postSolution
		{A5932EF4-3C35-4A2A-A97F-AC9C621B9219}.Debug|Any CPU.ActiveCfg = Debug|Any CPU
		{A5932EF4-3C35-4A2A-A97F-AC9C621B9219}.Debug|Any CPU.Build.0 = Debug|Any CPU
		{A5932EF4-3C35-4A2A-A97F-AC9C621B9219}.Release|Any CPU.ActiveCfg = Release|Any CPU
		{A5932EF4-3C35-4A2A-A97F-AC9C621B9219}.Release|Any CPU.Build.0 = Release|Any CPU
	EndGlobalSection
	GlobalSection(SolutionProperties) = preSolution
		HideSolutionNode = FALSE
	EndGlobalSection
	GlobalSection(ExtensibilityGlobals) = postSolution
		SolutionGuid = {31C12F6D-6CDC-4BB6-BC5B-8A9BB60CE604}
	EndGlobalSection
EndGlobal
