
Microsoft Visual Studio Solution File, Format Version 12.00
# Visual Studio Version 17
VisualStudioVersion = 17.5.33414.496
MinimumVisualStudioVersion = 10.0.40219.1
Project("{FAE04EC0-301F-11D3-BF4B-00C04F79EFBC}") = "TiposDeDatos", "TiposDeDatos\TiposDeDatos.csproj", "{23C68954-2B42-4F39-A123-3C49F42FB20F}"
EndProject
Global
	GlobalSection(SolutionConfigurationPlatforms) = preSolution
		Debug|Any CPU = Debug|Any CPU
		Release|Any CPU = Release|Any CPU
	EndGlobalSection
	GlobalSection(ProjectConfigurationPlatforms) = postSolution
		{23C68954-2B42-4F39-A123-3C49F42FB20F}.Debug|Any CPU.ActiveCfg = Debug|Any CPU
		{23C68954-2B42-4F39-A123-3C49F42FB20F}.Debug|Any CPU.Build.0 = Debug|Any CPU
		{23C68954-2B42-4F39-A123-3C49F42FB20F}.Release|Any CPU.ActiveCfg = Release|Any CPU
		{23C68954-2B42-4F39-A123-3C49F42FB20F}.Release|Any CPU.Build.0 = Release|Any CPU
	EndGlobalSection
	GlobalSection(SolutionProperties) = preSolution
		HideSolutionNode = FALSE
	EndGlobalSection
	GlobalSection(ExtensibilityGlobals) = postSolution
		SolutionGuid = {F4DA87CE-C01B-495B-8BDC-9BCF21FD23DB}
	EndGlobalSection
EndGlobal
